
Microsoft Visual Studio Solution File, Format Version 12.00
# Visual Studio Version 17
VisualStudioVersion = 17.11.35312.102
MinimumVisualStudioVersion = 10.0.40219.1
Project("{FAE04EC0-301F-11D3-BF4B-00C04F79EFBC}") = "task1", "task1\task1.csproj", "{69E53C0B-52D7-48A7-A82E-4814FA220F3F}"
EndProject
Global
	GlobalSection(SolutionConfigurationPlatforms) = preSolution
		Debug|Any CPU = Debug|Any CPU
		Release|Any CPU = Release|Any CPU
	EndGlobalSection
	GlobalSection(ProjectConfigurationPlatforms) = postSolution
		{69E53C0B-52D7-48A7-A82E-4814FA220F3F}.Debug|Any CPU.ActiveCfg = Debug|Any CPU
		{69E53C0B-52D7-48A7-A82E-4814FA220F3F}.Debug|Any CPU.Build.0 = Debug|Any CPU
		{69E53C0B-52D7-48A7-A82E-4814FA220F3F}.Release|Any CPU.ActiveCfg = Release|Any CPU
		{69E53C0B-52D7-48A7-A82E-4814FA220F3F}.Release|Any CPU.Build.0 = Release|Any CPU
	EndGlobalSection
	GlobalSection(SolutionProperties) = preSolution
		HideSolutionNode = FALSE
	EndGlobalSection
	GlobalSection(ExtensibilityGlobals) = postSolution
		SolutionGuid = {38D73AC9-E09A-4348-83B0-2352A44F6FF3}
	EndGlobalSection
EndGlobal
